version = 1
requires-python = ">=3.10"

[[package]]
name = "demo"
version = "0.1.0"
source = { editable = "." }
dependencies = [
    { name = "pyright" },
    { name = "typing-extensions" },
]

[package.metadata]
requires-dist = [
    { name = "pyright", specifier = ">=1.1.388" },
    { name = "typing-extensions", specifier = ">=4.12.2" },
]

[[package]]
name = "nodeenv"
version = "1.9.1"
source = { registry = "https://pypi.org/simple" }
sdist = { url = "https://files.pythonhosted.org/packages/43/16/fc88b08840de0e0a72a2f9d8c6bae36be573e475a6326ae854bcc549fc45/nodeenv-1.9.1.tar.gz", hash = "sha256:6ec12890a2dab7946721edbfbcd91f3319c6ccc9aec47be7c7e6b7011ee6645f", size = 47437 }
wheels = [
    { url = "https://files.pythonhosted.org/packages/d2/1d/1b658dbd2b9fa9c4c9f32accbfc0205d532c8c6194dc0f2a4c0428e7128a/nodeenv-1.9.1-py2.py3-none-any.whl", hash = "sha256:ba11c9782d29c27c70ffbdda2d7415098754709be8a7056d79a737cd901155c9", size = 22314 },
]

[[package]]
name = "pyright"
version = "1.1.388"
source = { registry = "https://pypi.org/simple" }
dependencies = [
    { name = "nodeenv" },
    { name = "typing-extensions" },
]
sdist = { url = "https://files.pythonhosted.org/packages/9c/83/e9867538a794638d2d20ac3ab3106a31aca1d9cfea530c9b2921809dae03/pyright-1.1.388.tar.gz", hash = "sha256:0166d19b716b77fd2d9055de29f71d844874dbc6b9d3472ccd22df91db3dfa34", size = 21939 }
wheels = [
    { url = "https://files.pythonhosted.org/packages/03/57/7fb00363b7f267a398c5bdf4f55f3e64f7c2076b2e7d2901b3373d52b6ff/pyright-1.1.388-py3-none-any.whl", hash = "sha256:c7068e9f2c23539c6ac35fc9efac6c6c1b9aa5a0ce97a9a8a6cf0090d7cbf84c", size = 18579 },
]

[[package]]
name = "typing-extensions"
version = "4.12.2"
source = { registry = "https://pypi.org/simple" }
sdist = { url = "https://files.pythonhosted.org/packages/df/db/f35a00659bc03fec321ba8bce9420de607a1d37f8342eee1863174c69557/typing_extensions-4.12.2.tar.gz", hash = "sha256:1a7ead55c7e559dd4dee8856e3a88b41225abfe1ce8df57b7c13915fe121ffb8", size = 85321 }
wheels = [
    { url = "https://files.pythonhosted.org/packages/26/9f/ad63fc0248c5379346306f8668cda6e2e2e9c95e01216d2b8ffd9ff037d0/typing_extensions-4.12.2-py3-none-any.whl", hash = "sha256:04e5ca0351e0f3f85c6853954072df659d0d13fac324d0072316b67d7794700d", size = 37438 },
]
